// !$*UTF8*$!
{
	archiveVersion = 1;
	classes = {
	};
	objectVersion = 56;
	objects = {

/* Begin PBXBuildFile section */
		21085C222A93519C00796725 /* FeedView.swift in Sources */ = {isa = PBXBuildFile; fileRef = 21085C212A93519C00796725 /* FeedView.swift */; };
		2121A30E2A8F4C770032C532 /* SettingsContentView.swift in Sources */ = {isa = PBXBuildFile; fileRef = 2121A30D2A8F4C770032C532 /* SettingsContentView.swift */; };
		2121A3112A8F55330032C532 /* JobsContentView.swift in Sources */ = {isa = PBXBuildFile; fileRef = 2121A3102A8F55330032C532 /* JobsContentView.swift */; };
		2121A3142A8F56160032C532 /* Sidebar.swift in Sources */ = {isa = PBXBuildFile; fileRef = 2121A3132A8F56160032C532 /* Sidebar.swift */; };
		2121A3162A8F5EAF0032C532 /* SideMenuItem.swift in Sources */ = {isa = PBXBuildFile; fileRef = 2121A3152A8F5EAF0032C532 /* SideMenuItem.swift */; };
		2121A3192A8F68720032C532 /* ExpansionState.swift in Sources */ = {isa = PBXBuildFile; fileRef = 2121A3182A8F68720032C532 /* ExpansionState.swift */; };
		2121A31B2A8F75850032C532 /* GlobalSettings.swift in Sources */ = {isa = PBXBuildFile; fileRef = 2121A31A2A8F75850032C532 /* GlobalSettings.swift */; };
		2121A31D2A8F96AB0032C532 /* Feed.swift in Sources */ = {isa = PBXBuildFile; fileRef = 2121A31C2A8F96AB0032C532 /* Feed.swift */; };
		214120552A8E339500D53342 /* RatingView.swift in Sources */ = {isa = PBXBuildFile; fileRef = 214120542A8E339500D53342 /* RatingView.swift */; };
		21C48E632A869E3A0012DAD4 /* ActivityView.swift in Sources */ = {isa = PBXBuildFile; fileRef = 21C48E622A869E3A0012DAD4 /* ActivityView.swift */; };
		21C48E652A86A0520012DAD4 /* ClientView.swift in Sources */ = {isa = PBXBuildFile; fileRef = 21C48E642A86A0520012DAD4 /* ClientView.swift */; };
		21C641C32A84CAA800BF8A95 /* UpworkExplorerApp.swift in Sources */ = {isa = PBXBuildFile; fileRef = 21C641C22A84CAA800BF8A95 /* UpworkExplorerApp.swift */; };
		21C641C52A84CAA800BF8A95 /* ContentView.swift in Sources */ = {isa = PBXBuildFile; fileRef = 21C641C42A84CAA800BF8A95 /* ContentView.swift */; };
		21C641C72A84CAAA00BF8A95 /* Assets.xcassets in Resources */ = {isa = PBXBuildFile; fileRef = 21C641C62A84CAAA00BF8A95 /* Assets.xcassets */; };
		21C641CA2A84CAAA00BF8A95 /* Preview Assets.xcassets in Resources */ = {isa = PBXBuildFile; fileRef = 21C641C92A84CAAA00BF8A95 /* Preview Assets.xcassets */; };
		21C641D42A84CD2900BF8A95 /* JobPost.swift in Sources */ = {isa = PBXBuildFile; fileRef = 21C641D32A84CD2900BF8A95 /* JobPost.swift */; };
		21C641D62A84CE0500BF8A95 /* ModelData.swift in Sources */ = {isa = PBXBuildFile; fileRef = 21C641D52A84CE0500BF8A95 /* ModelData.swift */; };
		21C641D82A84CF8500BF8A95 /* NetworkManager.swift in Sources */ = {isa = PBXBuildFile; fileRef = 21C641D72A84CF8500BF8A95 /* NetworkManager.swift */; };
		21C641DC2A84DC0800BF8A95 /* JobDetail.swift in Sources */ = {isa = PBXBuildFile; fileRef = 21C641DB2A84DC0800BF8A95 /* JobDetail.swift */; };
		21C641DE2A84EEAD00BF8A95 /* NotificationManager.swift in Sources */ = {isa = PBXBuildFile; fileRef = 21C641DD2A84EEAD00BF8A95 /* NotificationManager.swift */; };
		21C641E42A85112D00BF8A95 /* RotatingAnimation.swift in Sources */ = {isa = PBXBuildFile; fileRef = 21C641E32A85112D00BF8A95 /* RotatingAnimation.swift */; };
		21D4235B2A86145A0052EA2A /* HighlightText.swift in Sources */ = {isa = PBXBuildFile; fileRef = 21D4235A2A86145A0052EA2A /* HighlightText.swift */; };
		21FD228D2A8B60B400CEA1B9 /* Result.swift in Sources */ = {isa = PBXBuildFile; fileRef = 21FD228C2A8B60B400CEA1B9 /* Result.swift */; };
		21FD22912A8B6D1500CEA1B9 /* BottomRow.swift in Sources */ = {isa = PBXBuildFile; fileRef = 21FD22902A8B6D1500CEA1B9 /* BottomRow.swift */; };
/* End PBXBuildFile section */

/* Begin PBXFileReference section */
		21085C212A93519C00796725 /* FeedView.swift */ = {isa = PBXFileReference; lastKnownFileType = sourcecode.swift; path = FeedView.swift; sourceTree = "<group>"; };
		2121A30D2A8F4C770032C532 /* SettingsContentView.swift */ = {isa = PBXFileReference; lastKnownFileType = sourcecode.swift; path = SettingsContentView.swift; sourceTree = "<group>"; };
		2121A3102A8F55330032C532 /* JobsContentView.swift */ = {isa = PBXFileReference; lastKnownFileType = sourcecode.swift; path = JobsContentView.swift; sourceTree = "<group>"; };
		2121A3132A8F56160032C532 /* Sidebar.swift */ = {isa = PBXFileReference; lastKnownFileType = sourcecode.swift; path = Sidebar.swift; sourceTree = "<group>"; };
		2121A3152A8F5EAF0032C532 /* SideMenuItem.swift */ = {isa = PBXFileReference; lastKnownFileType = sourcecode.swift; path = SideMenuItem.swift; sourceTree = "<group>"; };
		2121A3182A8F68720032C532 /* ExpansionState.swift */ = {isa = PBXFileReference; lastKnownFileType = sourcecode.swift; path = ExpansionState.swift; sourceTree = "<group>"; };
		2121A31A2A8F75850032C532 /* GlobalSettings.swift */ = {isa = PBXFileReference; lastKnownFileType = sourcecode.swift; path = GlobalSettings.swift; sourceTree = "<group>"; };
		2121A31C2A8F96AB0032C532 /* Feed.swift */ = {isa = PBXFileReference; lastKnownFileType = sourcecode.swift; path = Feed.swift; sourceTree = "<group>"; };
		214120542A8E339500D53342 /* RatingView.swift */ = {isa = PBXFileReference; lastKnownFileType = sourcecode.swift; path = RatingView.swift; sourceTree = "<group>"; };
		21C48E622A869E3A0012DAD4 /* ActivityView.swift */ = {isa = PBXFileReference; lastKnownFileType = sourcecode.swift; path = ActivityView.swift; sourceTree = "<group>"; };
		21C48E642A86A0520012DAD4 /* ClientView.swift */ = {isa = PBXFileReference; lastKnownFileType = sourcecode.swift; path = ClientView.swift; sourceTree = "<group>"; };
		21C641BF2A84CAA800BF8A95 /* UpworkExplorer.app */ = {isa = PBXFileReference; explicitFileType = wrapper.application; includeInIndex = 0; path = UpworkExplorer.app; sourceTree = BUILT_PRODUCTS_DIR; };
		21C641C22A84CAA800BF8A95 /* UpworkExplorerApp.swift */ = {isa = PBXFileReference; lastKnownFileType = sourcecode.swift; path = UpworkExplorerApp.swift; sourceTree = "<group>"; };
		21C641C42A84CAA800BF8A95 /* ContentView.swift */ = {isa = PBXFileReference; lastKnownFileType = sourcecode.swift; path = ContentView.swift; sourceTree = "<group>"; };
		21C641C62A84CAAA00BF8A95 /* Assets.xcassets */ = {isa = PBXFileReference; lastKnownFileType = folder.assetcatalog; path = Assets.xcassets; sourceTree = "<group>"; };
		21C641C92A84CAAA00BF8A95 /* Preview Assets.xcassets */ = {isa = PBXFileReference; lastKnownFileType = folder.assetcatalog; path = "Preview Assets.xcassets"; sourceTree = "<group>"; };
		21C641CB2A84CAAA00BF8A95 /* UpworkExplorer.entitlements */ = {isa = PBXFileReference; lastKnownFileType = text.plist.entitlements; path = UpworkExplorer.entitlements; sourceTree = "<group>"; };
		21C641D32A84CD2900BF8A95 /* JobPost.swift */ = {isa = PBXFileReference; lastKnownFileType = sourcecode.swift; path = JobPost.swift; sourceTree = "<group>"; };
		21C641D52A84CE0500BF8A95 /* ModelData.swift */ = {isa = PBXFileReference; lastKnownFileType = sourcecode.swift; path = ModelData.swift; sourceTree = "<group>"; };
		21C641D72A84CF8500BF8A95 /* NetworkManager.swift */ = {isa = PBXFileReference; lastKnownFileType = sourcecode.swift; path = NetworkManager.swift; sourceTree = "<group>"; };
		21C641DB2A84DC0800BF8A95 /* JobDetail.swift */ = {isa = PBXFileReference; lastKnownFileType = sourcecode.swift; path = JobDetail.swift; sourceTree = "<group>"; };
		21C641DD2A84EEAD00BF8A95 /* NotificationManager.swift */ = {isa = PBXFileReference; lastKnownFileType = sourcecode.swift; path = NotificationManager.swift; sourceTree = "<group>"; };
		21C641E32A85112D00BF8A95 /* RotatingAnimation.swift */ = {isa = PBXFileReference; lastKnownFileType = sourcecode.swift; path = RotatingAnimation.swift; sourceTree = "<group>"; };
		21D4235A2A86145A0052EA2A /* HighlightText.swift */ = {isa = PBXFileReference; lastKnownFileType = sourcecode.swift; path = HighlightText.swift; sourceTree = "<group>"; };
		21FD228C2A8B60B400CEA1B9 /* Result.swift */ = {isa = PBXFileReference; lastKnownFileType = sourcecode.swift; path = Result.swift; sourceTree = "<group>"; };
		21FD22902A8B6D1500CEA1B9 /* BottomRow.swift */ = {isa = PBXFileReference; lastKnownFileType = sourcecode.swift; path = BottomRow.swift; sourceTree = "<group>"; };
/* End PBXFileReference section */

/* Begin PBXFrameworksBuildPhase section */
		21C641BC2A84CAA800BF8A95 /* Frameworks */ = {
			isa = PBXFrameworksBuildPhase;
			buildActionMask = 2147483647;
			files = (
			);
			runOnlyForDeploymentPostprocessing = 0;
		};
/* End PBXFrameworksBuildPhase section */

/* Begin PBXGroup section */
		21085C202A93518C00796725 /* Feed */ = {
			isa = PBXGroup;
			children = (
				21085C212A93519C00796725 /* FeedView.swift */,
			);
			path = Feed;
			sourceTree = "<group>";
		};
		2121A30C2A8F4B480032C532 /* Settings */ = {
			isa = PBXGroup;
			children = (
				2121A30D2A8F4C770032C532 /* SettingsContentView.swift */,
			);
			path = Settings;
			sourceTree = "<group>";
		};
		2121A30F2A8F55220032C532 /* Jobs */ = {
			isa = PBXGroup;
			children = (
				2121A3102A8F55330032C532 /* JobsContentView.swift */,
				21C641DB2A84DC0800BF8A95 /* JobDetail.swift */,
				21C48E622A869E3A0012DAD4 /* ActivityView.swift */,
				21C48E642A86A0520012DAD4 /* ClientView.swift */,
				21FD22902A8B6D1500CEA1B9 /* BottomRow.swift */,
			);
			path = Jobs;
			sourceTree = "<group>";
		};
		2121A3172A8F685C0032C532 /* Support */ = {
			isa = PBXGroup;
			children = (
				2121A3182A8F68720032C532 /* ExpansionState.swift */,
			);
			path = Support;
			sourceTree = "<group>";
		};
		21C641B62A84CAA800BF8A95 = {
			isa = PBXGroup;
			children = (
				21C641C12A84CAA800BF8A95 /* UpworkExplorer */,
				21C641C02A84CAA800BF8A95 /* Products */,
			);
			sourceTree = "<group>";
		};
		21C641C02A84CAA800BF8A95 /* Products */ = {
			isa = PBXGroup;
			children = (
				21C641BF2A84CAA800BF8A95 /* UpworkExplorer.app */,
			);
			name = Products;
			sourceTree = "<group>";
		};
		21C641C12A84CAA800BF8A95 /* UpworkExplorer */ = {
			isa = PBXGroup;
			children = (
				2121A3172A8F685C0032C532 /* Support */,
				21C641D22A84CD1700BF8A95 /* Model */,
				21C641D12A84CCC600BF8A95 /* View */,
				21C641C22A84CAA800BF8A95 /* UpworkExplorerApp.swift */,
				21C641D72A84CF8500BF8A95 /* NetworkManager.swift */,
				21C641DD2A84EEAD00BF8A95 /* NotificationManager.swift */,
				21C641C62A84CAAA00BF8A95 /* Assets.xcassets */,
				21C641CB2A84CAAA00BF8A95 /* UpworkExplorer.entitlements */,
				21C641C82A84CAAA00BF8A95 /* Preview Content */,
			);
			path = UpworkExplorer;
			sourceTree = "<group>";
		};
		21C641C82A84CAAA00BF8A95 /* Preview Content */ = {
			isa = PBXGroup;
			children = (
				21C641C92A84CAAA00BF8A95 /* Preview Assets.xcassets */,
			);
			path = "Preview Content";
			sourceTree = "<group>";
		};
		21C641D12A84CCC600BF8A95 /* View */ = {
			isa = PBXGroup;
			children = (
				21085C202A93518C00796725 /* Feed */,
				2121A30F2A8F55220032C532 /* Jobs */,
				2121A30C2A8F4B480032C532 /* Settings */,
				21FD228B2A8B606F00CEA1B9 /* Helpers */,
				21C641C42A84CAA800BF8A95 /* ContentView.swift */,
				2121A3132A8F56160032C532 /* Sidebar.swift */,
			);
			path = View;
			sourceTree = "<group>";
		};
		21C641D22A84CD1700BF8A95 /* Model */ = {
			isa = PBXGroup;
			children = (
				21C641D32A84CD2900BF8A95 /* JobPost.swift */,
				21C641D52A84CE0500BF8A95 /* ModelData.swift */,
				21FD228C2A8B60B400CEA1B9 /* Result.swift */,
				2121A3152A8F5EAF0032C532 /* SideMenuItem.swift */,
				2121A31A2A8F75850032C532 /* GlobalSettings.swift */,
				2121A31C2A8F96AB0032C532 /* Feed.swift */,
			);
			path = Model;
			sourceTree = "<group>";
		};
		21FD228B2A8B606F00CEA1B9 /* Helpers */ = {
			isa = PBXGroup;
			children = (
				21C641E32A85112D00BF8A95 /* RotatingAnimation.swift */,
				21D4235A2A86145A0052EA2A /* HighlightText.swift */,
				214120542A8E339500D53342 /* RatingView.swift */,
			);
			path = Helpers;
			sourceTree = "<group>";
		};
/* End PBXGroup section */

/* Begin PBXNativeTarget section */
		21C641BE2A84CAA800BF8A95 /* UpworkExplorer */ = {
			isa = PBXNativeTarget;
			buildConfigurationList = 21C641CE2A84CAAA00BF8A95 /* Build configuration list for PBXNativeTarget "UpworkExplorer" */;
			buildPhases = (
				21C641BB2A84CAA800BF8A95 /* Sources */,
				21C641BC2A84CAA800BF8A95 /* Frameworks */,
				21C641BD2A84CAA800BF8A95 /* Resources */,
			);
			buildRules = (
			);
			dependencies = (
			);
			name = UpworkExplorer;
			productName = UpworkExplorer;
			productReference = 21C641BF2A84CAA800BF8A95 /* UpworkExplorer.app */;
			productType = "com.apple.product-type.application";
		};
/* End PBXNativeTarget section */

/* Begin PBXProject section */
		21C641B72A84CAA800BF8A95 /* Project object */ = {
			isa = PBXProject;
			attributes = {
				BuildIndependentTargetsInParallel = 1;
				LastSwiftUpdateCheck = 1430;
				LastUpgradeCheck = 1430;
				TargetAttributes = {
					21C641BE2A84CAA800BF8A95 = {
						CreatedOnToolsVersion = 14.3.1;
					};
				};
			};
			buildConfigurationList = 21C641BA2A84CAA800BF8A95 /* Build configuration list for PBXProject "UpworkExplorer" */;
			compatibilityVersion = "Xcode 14.0";
			developmentRegion = en;
			hasScannedForEncodings = 0;
			knownRegions = (
				en,
				Base,
			);
			mainGroup = 21C641B62A84CAA800BF8A95;
			productRefGroup = 21C641C02A84CAA800BF8A95 /* Products */;
			projectDirPath = "";
			projectRoot = "";
			targets = (
				21C641BE2A84CAA800BF8A95 /* UpworkExplorer */,
			);
		};
/* End PBXProject section */

/* Begin PBXResourcesBuildPhase section */
		21C641BD2A84CAA800BF8A95 /* Resources */ = {
			isa = PBXResourcesBuildPhase;
			buildActionMask = 2147483647;
			files = (
				21C641CA2A84CAAA00BF8A95 /* Preview Assets.xcassets in Resources */,
				21C641C72A84CAAA00BF8A95 /* Assets.xcassets in Resources */,
			);
			runOnlyForDeploymentPostprocessing = 0;
		};
/* End PBXResourcesBuildPhase section */

/* Begin PBXSourcesBuildPhase section */
		21C641BB2A84CAA800BF8A95 /* Sources */ = {
			isa = PBXSourcesBuildPhase;
			buildActionMask = 2147483647;
			files = (
				21C641DC2A84DC0800BF8A95 /* JobDetail.swift in Sources */,
				21C641C52A84CAA800BF8A95 /* ContentView.swift in Sources */,
				21FD228D2A8B60B400CEA1B9 /* Result.swift in Sources */,
				21C641E42A85112D00BF8A95 /* RotatingAnimation.swift in Sources */,
				2121A3162A8F5EAF0032C532 /* SideMenuItem.swift in Sources */,
				21C48E652A86A0520012DAD4 /* ClientView.swift in Sources */,
				21085C222A93519C00796725 /* FeedView.swift in Sources */,
				21C48E632A869E3A0012DAD4 /* ActivityView.swift in Sources */,
				2121A31B2A8F75850032C532 /* GlobalSettings.swift in Sources */,
				21C641D62A84CE0500BF8A95 /* ModelData.swift in Sources */,
				21D4235B2A86145A0052EA2A /* HighlightText.swift in Sources */,
				2121A3142A8F56160032C532 /* Sidebar.swift in Sources */,
				2121A3112A8F55330032C532 /* JobsContentView.swift in Sources */,
				21FD22912A8B6D1500CEA1B9 /* BottomRow.swift in Sources */,
				214120552A8E339500D53342 /* RatingView.swift in Sources */,
				21C641D82A84CF8500BF8A95 /* NetworkManager.swift in Sources */,
				2121A30E2A8F4C770032C532 /* SettingsContentView.swift in Sources */,
				21C641DE2A84EEAD00BF8A95 /* NotificationManager.swift in Sources */,
				21C641D42A84CD2900BF8A95 /* JobPost.swift in Sources */,
				2121A31D2A8F96AB0032C532 /* Feed.swift in Sources */,
				21C641C32A84CAA800BF8A95 /* UpworkExplorerApp.swift in Sources */,
				2121A3192A8F68720032C532 /* ExpansionState.swift in Sources */,
			);
			runOnlyForDeploymentPostprocessing = 0;
		};
/* End PBXSourcesBuildPhase section */

/* Begin XCBuildConfiguration section */
		21C641CC2A84CAAA00BF8A95 /* Debug */ = {
			isa = XCBuildConfiguration;
			buildSettings = {
				ALWAYS_SEARCH_USER_PATHS = NO;
				CLANG_ANALYZER_NONNULL = YES;
				CLANG_ANALYZER_NUMBER_OBJECT_CONVERSION = YES_AGGRESSIVE;
				CLANG_CXX_LANGUAGE_STANDARD = "gnu++20";
				CLANG_ENABLE_MODULES = YES;
				CLANG_ENABLE_OBJC_ARC = YES;
				CLANG_ENABLE_OBJC_WEAK = YES;
				CLANG_WARN_BLOCK_CAPTURE_AUTORELEASING = YES;
				CLANG_WARN_BOOL_CONVERSION = YES;
				CLANG_WARN_COMMA = YES;
				CLANG_WARN_CONSTANT_CONVERSION = YES;
				CLANG_WARN_DEPRECATED_OBJC_IMPLEMENTATIONS = YES;
				CLANG_WARN_DIRECT_OBJC_ISA_USAGE = YES_ERROR;
				CLANG_WARN_DOCUMENTATION_COMMENTS = YES;
				CLANG_WARN_EMPTY_BODY = YES;
				CLANG_WARN_ENUM_CONVERSION = YES;
				CLANG_WARN_INFINITE_RECURSION = YES;
				CLANG_WARN_INT_CONVERSION = YES;
				CLANG_WARN_NON_LITERAL_NULL_CONVERSION = YES;
				CLANG_WARN_OBJC_IMPLICIT_RETAIN_SELF = YES;
				CLANG_WARN_OBJC_LITERAL_CONVERSION = YES;
				CLANG_WARN_OBJC_ROOT_CLASS = YES_ERROR;
				CLANG_WARN_QUOTED_INCLUDE_IN_FRAMEWORK_HEADER = YES;
				CLANG_WARN_RANGE_LOOP_ANALYSIS = YES;
				CLANG_WARN_STRICT_PROTOTYPES = YES;
				CLANG_WARN_SUSPICIOUS_MOVE = YES;
				CLANG_WARN_UNGUARDED_AVAILABILITY = YES_AGGRESSIVE;
				CLANG_WARN_UNREACHABLE_CODE = YES;
				CLANG_WARN__DUPLICATE_METHOD_MATCH = YES;
				COPY_PHASE_STRIP = NO;
				DEBUG_INFORMATION_FORMAT = dwarf;
				ENABLE_STRICT_OBJC_MSGSEND = YES;
				ENABLE_TESTABILITY = YES;
				GCC_C_LANGUAGE_STANDARD = gnu11;
				GCC_DYNAMIC_NO_PIC = NO;
				GCC_NO_COMMON_BLOCKS = YES;
				GCC_OPTIMIZATION_LEVEL = 0;
				GCC_PREPROCESSOR_DEFINITIONS = (
					"DEBUG=1",
					"$(inherited)",
				);
				GCC_WARN_64_TO_32_BIT_CONVERSION = YES;
				GCC_WARN_ABOUT_RETURN_TYPE = YES_ERROR;
				GCC_WARN_UNDECLARED_SELECTOR = YES;
				GCC_WARN_UNINITIALIZED_AUTOS = YES_AGGRESSIVE;
				GCC_WARN_UNUSED_FUNCTION = YES;
				GCC_WARN_UNUSED_VARIABLE = YES;
				MACOSX_DEPLOYMENT_TARGET = 13.3;
				MTL_ENABLE_DEBUG_INFO = INCLUDE_SOURCE;
				MTL_FAST_MATH = YES;
				ONLY_ACTIVE_ARCH = YES;
				SDKROOT = macosx;
				SWIFT_ACTIVE_COMPILATION_CONDITIONS = DEBUG;
				SWIFT_OPTIMIZATION_LEVEL = "-Onone";
			};
			name = Debug;
		};
		21C641CD2A84CAAA00BF8A95 /* Release */ = {
			isa = XCBuildConfiguration;
			buildSettings = {
				ALWAYS_SEARCH_USER_PATHS = NO;
				CLANG_ANALYZER_NONNULL = YES;
				CLANG_ANALYZER_NUMBER_OBJECT_CONVERSION = YES_AGGRESSIVE;
				CLANG_CXX_LANGUAGE_STANDARD = "gnu++20";
				CLANG_ENABLE_MODULES = YES;
				CLANG_ENABLE_OBJC_ARC = YES;
				CLANG_ENABLE_OBJC_WEAK = YES;
				CLANG_WARN_BLOCK_CAPTURE_AUTORELEASING = YES;
				CLANG_WARN_BOOL_CONVERSION = YES;
				CLANG_WARN_COMMA = YES;
				CLANG_WARN_CONSTANT_CONVERSION = YES;
				CLANG_WARN_DEPRECATED_OBJC_IMPLEMENTATIONS = YES;
				CLANG_WARN_DIRECT_OBJC_ISA_USAGE = YES_ERROR;
				CLANG_WARN_DOCUMENTATION_COMMENTS = YES;
				CLANG_WARN_EMPTY_BODY = YES;
				CLANG_WARN_ENUM_CONVERSION = YES;
				CLANG_WARN_INFINITE_RECURSION = YES;
				CLANG_WARN_INT_CONVERSION = YES;
				CLANG_WARN_NON_LITERAL_NULL_CONVERSION = YES;
				CLANG_WARN_OBJC_IMPLICIT_RETAIN_SELF = YES;
				CLANG_WARN_OBJC_LITERAL_CONVERSION = YES;
				CLANG_WARN_OBJC_ROOT_CLASS = YES_ERROR;
				CLANG_WARN_QUOTED_INCLUDE_IN_FRAMEWORK_HEADER = YES;
				CLANG_WARN_RANGE_LOOP_ANALYSIS = YES;
				CLANG_WARN_STRICT_PROTOTYPES = YES;
				CLANG_WARN_SUSPICIOUS_MOVE = YES;
				CLANG_WARN_UNGUARDED_AVAILABILITY = YES_AGGRESSIVE;
				CLANG_WARN_UNREACHABLE_CODE = YES;
				CLANG_WARN__DUPLICATE_METHOD_MATCH = YES;
				COPY_PHASE_STRIP = NO;
				DEBUG_INFORMATION_FORMAT = "dwarf-with-dsym";
				ENABLE_NS_ASSERTIONS = NO;
				ENABLE_STRICT_OBJC_MSGSEND = YES;
				GCC_C_LANGUAGE_STANDARD = gnu11;
				GCC_NO_COMMON_BLOCKS = YES;
				GCC_WARN_64_TO_32_BIT_CONVERSION = YES;
				GCC_WARN_ABOUT_RETURN_TYPE = YES_ERROR;
				GCC_WARN_UNDECLARED_SELECTOR = YES;
				GCC_WARN_UNINITIALIZED_AUTOS = YES_AGGRESSIVE;
				GCC_WARN_UNUSED_FUNCTION = YES;
				GCC_WARN_UNUSED_VARIABLE = YES;
				MACOSX_DEPLOYMENT_TARGET = 13.3;
				MTL_ENABLE_DEBUG_INFO = NO;
				MTL_FAST_MATH = YES;
				SDKROOT = macosx;
				SWIFT_COMPILATION_MODE = wholemodule;
				SWIFT_OPTIMIZATION_LEVEL = "-O";
			};
			name = Release;
		};
		21C641CF2A84CAAA00BF8A95 /* Debug */ = {
			isa = XCBuildConfiguration;
			buildSettings = {
				ASSETCATALOG_COMPILER_APPICON_NAME = AppIcon;
				ASSETCATALOG_COMPILER_GLOBAL_ACCENT_COLOR_NAME = AccentColor;
				CODE_SIGN_ENTITLEMENTS = UpworkExplorer/UpworkExplorer.entitlements;
				"CODE_SIGN_IDENTITY[sdk=macosx*]" = "-";
				CODE_SIGN_STYLE = Automatic;
				COMBINE_HIDPI_IMAGES = YES;
				CURRENT_PROJECT_VERSION = 1;
				DEVELOPMENT_ASSET_PATHS = "\"UpworkExplorer/Preview Content\"";
				DEVELOPMENT_TEAM = 43228J28UR;
				ENABLE_HARDENED_RUNTIME = YES;
				ENABLE_PREVIEWS = YES;
				GENERATE_INFOPLIST_FILE = YES;
				INFOPLIST_KEY_CFBundleDisplayName = UpworkExplorer;
				INFOPLIST_KEY_LSApplicationCategoryType = "public.app-category.utilities";
				INFOPLIST_KEY_NSHumanReadableCopyright = "";
				LD_RUNPATH_SEARCH_PATHS = (
					"$(inherited)",
					"@executable_path/../Frameworks",
				);
				MACOSX_DEPLOYMENT_TARGET = 13.1;
				MARKETING_VERSION = 0.1.1;
				PRODUCT_BUNDLE_IDENTIFIER = com.creative.UpworkExplorer;
				PRODUCT_NAME = "$(TARGET_NAME)";
				SWIFT_EMIT_LOC_STRINGS = YES;
				SWIFT_VERSION = 5.0;
			};
			name = Debug;
		};
		21C641D02A84CAAA00BF8A95 /* Release */ = {
			isa = XCBuildConfiguration;
			buildSettings = {
				ASSETCATALOG_COMPILER_APPICON_NAME = AppIcon;
				ASSETCATALOG_COMPILER_GLOBAL_ACCENT_COLOR_NAME = AccentColor;
				CODE_SIGN_ENTITLEMENTS = UpworkExplorer/UpworkExplorer.entitlements;
				"CODE_SIGN_IDENTITY[sdk=macosx*]" = "-";
				CODE_SIGN_STYLE = Automatic;
				COMBINE_HIDPI_IMAGES = YES;
				CURRENT_PROJECT_VERSION = 1;
				DEVELOPMENT_ASSET_PATHS = "\"UpworkExplorer/Preview Content\"";
				DEVELOPMENT_TEAM = 43228J28UR;
				ENABLE_HARDENED_RUNTIME = YES;
				ENABLE_PREVIEWS = YES;
				ENABLE_TESTABILITY = NO;
				GENERATE_INFOPLIST_FILE = YES;
				INFOPLIST_KEY_CFBundleDisplayName = UpworkExplorer;
				INFOPLIST_KEY_LSApplicationCategoryType = "public.app-category.utilities";
				INFOPLIST_KEY_NSHumanReadableCopyright = "";
				LD_RUNPATH_SEARCH_PATHS = (
					"$(inherited)",
					"@executable_path/../Frameworks",
				);
				MACOSX_DEPLOYMENT_TARGET = 13.1;
				MARKETING_VERSION = 0.1.1;
				ONLY_ACTIVE_ARCH = NO;
				PRODUCT_BUNDLE_IDENTIFIER = com.creative.UpworkExplorer;
				PRODUCT_NAME = "$(TARGET_NAME)";
				SWIFT_EMIT_LOC_STRINGS = YES;
				SWIFT_VERSION = 5.0;
			};
			name = Release;
		};
/* End XCBuildConfiguration section */

/* Begin XCConfigurationList section */
		21C641BA2A84CAA800BF8A95 /* Build configuration list for PBXProject "UpworkExplorer" */ = {
			isa = XCConfigurationList;
			buildConfigurations = (
				21C641CC2A84CAAA00BF8A95 /* Debug */,
				21C641CD2A84CAAA00BF8A95 /* Release */,
			);
			defaultConfigurationIsVisible = 0;
			defaultConfigurationName = Release;
		};
		21C641CE2A84CAAA00BF8A95 /* Build configuration list for PBXNativeTarget "UpworkExplorer" */ = {
			isa = XCConfigurationList;
			buildConfigurations = (
				21C641CF2A84CAAA00BF8A95 /* Debug */,
				21C641D02A84CAAA00BF8A95 /* Release */,
			);
			defaultConfigurationIsVisible = 0;
			defaultConfigurationName = Release;
		};
/* End XCConfigurationList section */
	};
	rootObject = 21C641B72A84CAA800BF8A95 /* Project object */;
}
